# This file is automatically @generated by Cargo.
# It is not intended for manual editing.
version = 4

[[package]]
name = "haru-abi"
version = "0.0.1"

[[package]]
name = "haru-cli"
version = "0.0.1"
dependencies = [
 "haru-core",
 "haru-example-greet",
 "haru-std",
]

[[package]]
name = "haru-core"
version = "0.0.1"
dependencies = [
 "haru-abi",
]

[[package]]
name = "haru-example-greet"
version = "0.0.1"
dependencies = [
 "haru-sdk",
]

[[package]]
name = "haru-sdk"
version = "0.0.1"
dependencies = [
 "haru-abi",
]

[[package]]
name = "haru-std"
version = "0.0.1"
dependencies = [
 "haru-sdk",
]
